// !$*UTF8*$!
{
	archiveVersion = 1;
	classes = {
	};
	objectVersion = 50;
	objects = {

/* Begin PBXBuildFile section */
		7BD72C2924F6A05C00030AC7 /* AppDelegate.swift in Sources */ = {isa = PBXBuildFile; fileRef = 7BD72C2824F6A05C00030AC7 /* AppDelegate.swift */; };
		7BD72C2B24F6A05C00030AC7 /* ContentView.swift in Sources */ = {isa = PBXBuildFile; fileRef = 7BD72C2A24F6A05C00030AC7 /* ContentView.swift */; };
		7BD72C2D24F6A05C00030AC7 /* Experience.rcproject in Sources */ = {isa = PBXBuildFile; fileRef = 7BD72C2C24F6A05C00030AC7 /* Experience.rcproject */; };
		7BD72C2F24F6A05D00030AC7 /* Assets.xcassets in Resources */ = {isa = PBXBuildFile; fileRef = 7BD72C2E24F6A05D00030AC7 /* Assets.xcassets */; };
		7BD72C3224F6A05D00030AC7 /* Preview Assets.xcassets in Resources */ = {isa = PBXBuildFile; fileRef = 7BD72C3124F6A05D00030AC7 /* Preview Assets.xcassets */; };
		7BD72C3524F6A05D00030AC7 /* LaunchScreen.storyboard in Resources */ = {isa = PBXBuildFile; fileRef = 7BD72C3324F6A05D00030AC7 /* LaunchScreen.storyboard */; };
		7BD72C4024F6A05D00030AC7 /* sextantTests.swift in Sources */ = {isa = PBXBuildFile; fileRef = 7BD72C3F24F6A05D00030AC7 /* sextantTests.swift */; };
		7BD72C4B24F6A05D00030AC7 /* sextantUITests.swift in Sources */ = {isa = PBXBuildFile; fileRef = 7BD72C4A24F6A05D00030AC7 /* sextantUITests.swift */; };
/* End PBXBuildFile section */

/* Begin PBXContainerItemProxy section */
		7BD72C3C24F6A05D00030AC7 /* PBXContainerItemProxy */ = {
			isa = PBXContainerItemProxy;
			containerPortal = 7BD72C1D24F6A05C00030AC7 /* Project object */;
			proxyType = 1;
			remoteGlobalIDString = 7BD72C2424F6A05C00030AC7;
			remoteInfo = sextant;
		};
		7BD72C4724F6A05D00030AC7 /* PBXContainerItemProxy */ = {
			isa = PBXContainerItemProxy;
			containerPortal = 7BD72C1D24F6A05C00030AC7 /* Project object */;
			proxyType = 1;
			remoteGlobalIDString = 7BD72C2424F6A05C00030AC7;
			remoteInfo = sextant;
		};
/* End PBXContainerItemProxy section */

/* Begin PBXFileReference section */
		7BD72C2524F6A05C00030AC7 /* sextant.app */ = {isa = PBXFileReference; explicitFileType = wrapper.application; includeInIndex = 0; path = sextant.app; sourceTree = BUILT_PRODUCTS_DIR; };
		7BD72C2824F6A05C00030AC7 /* AppDelegate.swift */ = {isa = PBXFileReference; lastKnownFileType = sourcecode.swift; path = AppDelegate.swift; sourceTree = "<group>"; };
		7BD72C2A24F6A05C00030AC7 /* ContentView.swift */ = {isa = PBXFileReference; lastKnownFileType = sourcecode.swift; path = ContentView.swift; sourceTree = "<group>"; };
		7BD72C2C24F6A05C00030AC7 /* Experience.rcproject */ = {isa = PBXFileReference; lastKnownFileType = file.rcproject; path = Experience.rcproject; sourceTree = "<group>"; };
		7BD72C2E24F6A05D00030AC7 /* Assets.xcassets */ = {isa = PBXFileReference; lastKnownFileType = folder.assetcatalog; path = Assets.xcassets; sourceTree = "<group>"; };
		7BD72C3124F6A05D00030AC7 /* Preview Assets.xcassets */ = {isa = PBXFileReference; lastKnownFileType = folder.assetcatalog; path = "Preview Assets.xcassets"; sourceTree = "<group>"; };
		7BD72C3424F6A05D00030AC7 /* Base */ = {isa = PBXFileReference; lastKnownFileType = file.storyboard; name = Base; path = Base.lproj/LaunchScreen.storyboard; sourceTree = "<group>"; };
		7BD72C3624F6A05D00030AC7 /* Info.plist */ = {isa = PBXFileReference; lastKnownFileType = text.plist.xml; path = Info.plist; sourceTree = "<group>"; };
		7BD72C3B24F6A05D00030AC7 /* sextantTests.xctest */ = {isa = PBXFileReference; explicitFileType = wrapper.cfbundle; includeInIndex = 0; path = sextantTests.xctest; sourceTree = BUILT_PRODUCTS_DIR; };
		7BD72C3F24F6A05D00030AC7 /* sextantTests.swift */ = {isa = PBXFileReference; lastKnownFileType = sourcecode.swift; path = sextantTests.swift; sourceTree = "<group>"; };
		7BD72C4124F6A05D00030AC7 /* Info.plist */ = {isa = PBXFileReference; lastKnownFileType = text.plist.xml; path = Info.plist; sourceTree = "<group>"; };
		7BD72C4624F6A05D00030AC7 /* sextantUITests.xctest */ = {isa = PBXFileReference; explicitFileType = wrapper.cfbundle; includeInIndex = 0; path = sextantUITests.xctest; sourceTree = BUILT_PRODUCTS_DIR; };
		7BD72C4A24F6A05D00030AC7 /* sextantUITests.swift */ = {isa = PBXFileReference; lastKnownFileType = sourcecode.swift; path = sextantUITests.swift; sourceTree = "<group>"; };
		7BD72C4C24F6A05D00030AC7 /* Info.plist */ = {isa = PBXFileReference; lastKnownFileType = text.plist.xml; path = Info.plist; sourceTree = "<group>"; };
/* End PBXFileReference section */

/* Begin PBXFrameworksBuildPhase section */
		7BD72C2224F6A05C00030AC7 /* Frameworks */ = {
			isa = PBXFrameworksBuildPhase;
			buildActionMask = 2147483647;
			files = (
			);
			runOnlyForDeploymentPostprocessing = 0;
		};
		7BD72C3824F6A05D00030AC7 /* Frameworks */ = {
			isa = PBXFrameworksBuildPhase;
			buildActionMask = 2147483647;
			files = (
			);
			runOnlyForDeploymentPostprocessing = 0;
		};
		7BD72C4324F6A05D00030AC7 /* Frameworks */ = {
			isa = PBXFrameworksBuildPhase;
			buildActionMask = 2147483647;
			files = (
			);
			runOnlyForDeploymentPostprocessing = 0;
		};
/* End PBXFrameworksBuildPhase section */

/* Begin PBXGroup section */
		7BD72C1C24F6A05C00030AC7 = {
			isa = PBXGroup;
			children = (
				7BD72C2724F6A05C00030AC7 /* sextant */,
				7BD72C3E24F6A05D00030AC7 /* sextantTests */,
				7BD72C4924F6A05D00030AC7 /* sextantUITests */,
				7BD72C2624F6A05C00030AC7 /* Products */,
			);
			sourceTree = "<group>";
		};
		7BD72C2624F6A05C00030AC7 /* Products */ = {
			isa = PBXGroup;
			children = (
				7BD72C2524F6A05C00030AC7 /* sextant.app */,
				7BD72C3B24F6A05D00030AC7 /* sextantTests.xctest */,
				7BD72C4624F6A05D00030AC7 /* sextantUITests.xctest */,
			);
			name = Products;
			sourceTree = "<group>";
		};
		7BD72C2724F6A05C00030AC7 /* sextant */ = {
			isa = PBXGroup;
			children = (
				7BD72C2824F6A05C00030AC7 /* AppDelegate.swift */,
				7BD72C2A24F6A05C00030AC7 /* ContentView.swift */,
				7BD72C2C24F6A05C00030AC7 /* Experience.rcproject */,
				7BD72C2E24F6A05D00030AC7 /* Assets.xcassets */,
				7BD72C3324F6A05D00030AC7 /* LaunchScreen.storyboard */,
				7BD72C3624F6A05D00030AC7 /* Info.plist */,
				7BD72C3024F6A05D00030AC7 /* Preview Content */,
			);
			path = sextant;
			sourceTree = "<group>";
		};
		7BD72C3024F6A05D00030AC7 /* Preview Content */ = {
			isa = PBXGroup;
			children = (
				7BD72C3124F6A05D00030AC7 /* Preview Assets.xcassets */,
			);
			path = "Preview Content";
			sourceTree = "<group>";
		};
		7BD72C3E24F6A05D00030AC7 /* sextantTests */ = {
			isa = PBXGroup;
			children = (
				7BD72C3F24F6A05D00030AC7 /* sextantTests.swift */,
				7BD72C4124F6A05D00030AC7 /* Info.plist */,
			);
			path = sextantTests;
			sourceTree = "<group>";
		};
		7BD72C4924F6A05D00030AC7 /* sextantUITests */ = {
			isa = PBXGroup;
			children = (
				7BD72C4A24F6A05D00030AC7 /* sextantUITests.swift */,
				7BD72C4C24F6A05D00030AC7 /* Info.plist */,
			);
			path = sextantUITests;
			sourceTree = "<group>";
		};
/* End PBXGroup section */

/* Begin PBXNativeTarget section */
		7BD72C2424F6A05C00030AC7 /* sextant */ = {
			isa = PBXNativeTarget;
			buildConfigurationList = 7BD72C4F24F6A05D00030AC7 /* Build configuration list for PBXNativeTarget "sextant" */;
			buildPhases = (
				7BD72C2124F6A05C00030AC7 /* Sources */,
				7BD72C2224F6A05C00030AC7 /* Frameworks */,
				7BD72C2324F6A05C00030AC7 /* Resources */,
			);
			buildRules = (
			);
			dependencies = (
			);
			name = sextant;
			productName = sextant;
			productReference = 7BD72C2524F6A05C00030AC7 /* sextant.app */;
			productType = "com.apple.product-type.application";
		};
		7BD72C3A24F6A05D00030AC7 /* sextantTests */ = {
			isa = PBXNativeTarget;
			buildConfigurationList = 7BD72C5224F6A05D00030AC7 /* Build configuration list for PBXNativeTarget "sextantTests" */;
			buildPhases = (
				7BD72C3724F6A05D00030AC7 /* Sources */,
				7BD72C3824F6A05D00030AC7 /* Frameworks */,
				7BD72C3924F6A05D00030AC7 /* Resources */,
			);
			buildRules = (
			);
			dependencies = (
				7BD72C3D24F6A05D00030AC7 /* PBXTargetDependency */,
			);
			name = sextantTests;
			productName = sextantTests;
			productReference = 7BD72C3B24F6A05D00030AC7 /* sextantTests.xctest */;
			productType = "com.apple.product-type.bundle.unit-test";
		};
		7BD72C4524F6A05D00030AC7 /* sextantUITests */ = {
			isa = PBXNativeTarget;
			buildConfigurationList = 7BD72C5524F6A05D00030AC7 /* Build configuration list for PBXNativeTarget "sextantUITests" */;
			buildPhases = (
				7BD72C4224F6A05D00030AC7 /* Sources */,
				7BD72C4324F6A05D00030AC7 /* Frameworks */,
				7BD72C4424F6A05D00030AC7 /* Resources */,
			);
			buildRules = (
			);
			dependencies = (
				7BD72C4824F6A05D00030AC7 /* PBXTargetDependency */,
			);
			name = sextantUITests;
			productName = sextantUITests;
			productReference = 7BD72C4624F6A05D00030AC7 /* sextantUITests.xctest */;
			productType = "com.apple.product-type.bundle.ui-testing";
		};
/* End PBXNativeTarget section */

/* Begin PBXProject section */
		7BD72C1D24F6A05C00030AC7 /* Project object */ = {
			isa = PBXProject;
			attributes = {
				LastSwiftUpdateCheck = 1160;
				LastUpgradeCheck = 1160;
				ORGANIZATIONNAME = akuadora;
				TargetAttributes = {
					7BD72C2424F6A05C00030AC7 = {
						CreatedOnToolsVersion = 11.6;
					};
					7BD72C3A24F6A05D00030AC7 = {
						CreatedOnToolsVersion = 11.6;
						TestTargetID = 7BD72C2424F6A05C00030AC7;
					};
					7BD72C4524F6A05D00030AC7 = {
						CreatedOnToolsVersion = 11.6;
						TestTargetID = 7BD72C2424F6A05C00030AC7;
					};
				};
			};
			buildConfigurationList = 7BD72C2024F6A05C00030AC7 /* Build configuration list for PBXProject "sextant" */;
			compatibilityVersion = "Xcode 9.3";
			developmentRegion = en;
			hasScannedForEncodings = 0;
			knownRegions = (
				en,
				Base,
			);
			mainGroup = 7BD72C1C24F6A05C00030AC7;
			productRefGroup = 7BD72C2624F6A05C00030AC7 /* Products */;
			projectDirPath = "";
			projectRoot = "";
			targets = (
				7BD72C2424F6A05C00030AC7 /* sextant */,
				7BD72C3A24F6A05D00030AC7 /* sextantTests */,
				7BD72C4524F6A05D00030AC7 /* sextantUITests */,
			);
		};
/* End PBXProject section */

/* Begin PBXResourcesBuildPhase section */
		7BD72C2324F6A05C00030AC7 /* Resources */ = {
			isa = PBXResourcesBuildPhase;
			buildActionMask = 2147483647;
			files = (
				7BD72C3524F6A05D00030AC7 /* LaunchScreen.storyboard in Resources */,
				7BD72C3224F6A05D00030AC7 /* Preview Assets.xcassets in Resources */,
				7BD72C2F24F6A05D00030AC7 /* Assets.xcassets in Resources */,
			);
			runOnlyForDeploymentPostprocessing = 0;
		};
		7BD72C3924F6A05D00030AC7 /* Resources */ = {
			isa = PBXResourcesBuildPhase;
			buildActionMask = 2147483647;
			files = (
			);
			runOnlyForDeploymentPostprocessing = 0;
		};
		7BD72C4424F6A05D00030AC7 /* Resources */ = {
			isa = PBXResourcesBuildPhase;
			buildActionMask = 2147483647;
			files = (
			);
			runOnlyForDeploymentPostprocessing = 0;
		};
/* End PBXResourcesBuildPhase section */

/* Begin PBXSourcesBuildPhase section */
		7BD72C2124F6A05C00030AC7 /* Sources */ = {
			isa = PBXSourcesBuildPhase;
			buildActionMask = 2147483647;
			files = (
				7BD72C2B24F6A05C00030AC7 /* ContentView.swift in Sources */,
				7BD72C2924F6A05C00030AC7 /* AppDelegate.swift in Sources */,
				7BD72C2D24F6A05C00030AC7 /* Experience.rcproject in Sources */,
			);
			runOnlyForDeploymentPostprocessing = 0;
		};
		7BD72C3724F6A05D00030AC7 /* Sources */ = {
			isa = PBXSourcesBuildPhase;
			buildActionMask = 2147483647;
			files = (
				7BD72C4024F6A05D00030AC7 /* sextantTests.swift in Sources */,
			);
			runOnlyForDeploymentPostprocessing = 0;
		};
		7BD72C4224F6A05D00030AC7 /* Sources */ = {
			isa = PBXSourcesBuildPhase;
			buildActionMask = 2147483647;
			files = (
				7BD72C4B24F6A05D00030AC7 /* sextantUITests.swift in Sources */,
			);
			runOnlyForDeploymentPostprocessing = 0;
		};
/* End PBXSourcesBuildPhase section */

/* Begin PBXTargetDependency section */
		7BD72C3D24F6A05D00030AC7 /* PBXTargetDependency */ = {
			isa = PBXTargetDependency;
			target = 7BD72C2424F6A05C00030AC7 /* sextant */;
			targetProxy = 7BD72C3C24F6A05D00030AC7 /* PBXContainerItemProxy */;
		};
		7BD72C4824F6A05D00030AC7 /* PBXTargetDependency */ = {
			isa = PBXTargetDependency;
			target = 7BD72C2424F6A05C00030AC7 /* sextant */;
			targetProxy = 7BD72C4724F6A05D00030AC7 /* PBXContainerItemProxy */;
		};
/* End PBXTargetDependency section */

/* Begin PBXVariantGroup section */
		7BD72C3324F6A05D00030AC7 /* LaunchScreen.storyboard */ = {
			isa = PBXVariantGroup;
			children = (
				7BD72C3424F6A05D00030AC7 /* Base */,
			);
			name = LaunchScreen.storyboard;
			sourceTree = "<group>";
		};
/* End PBXVariantGroup section */

/* Begin XCBuildConfiguration section */
		7BD72C4D24F6A05D00030AC7 /* Debug */ = {
			isa = XCBuildConfiguration;
			buildSettings = {
				ALWAYS_SEARCH_USER_PATHS = NO;
				CLANG_ANALYZER_NONNULL = YES;
				CLANG_ANALYZER_NUMBER_OBJECT_CONVERSION = YES_AGGRESSIVE;
				CLANG_CXX_LANGUAGE_STANDARD = "gnu++14";
				CLANG_CXX_LIBRARY = "libc++";
				CLANG_ENABLE_MODULES = YES;
				CLANG_ENABLE_OBJC_ARC = YES;
				CLANG_ENABLE_OBJC_WEAK = YES;
				CLANG_WARN_BLOCK_CAPTURE_AUTORELEASING = YES;
				CLANG_WARN_BOOL_CONVERSION = YES;
				CLANG_WARN_COMMA = YES;
				CLANG_WARN_CONSTANT_CONVERSION = YES;
				CLANG_WARN_DEPRECATED_OBJC_IMPLEMENTATIONS = YES;
				CLANG_WARN_DIRECT_OBJC_ISA_USAGE = YES_ERROR;
				CLANG_WARN_DOCUMENTATION_COMMENTS = YES;
				CLANG_WARN_EMPTY_BODY = YES;
				CLANG_WARN_ENUM_CONVERSION = YES;
				CLANG_WARN_INFINITE_RECURSION = YES;
				CLANG_WARN_INT_CONVERSION = YES;
				CLANG_WARN_NON_LITERAL_NULL_CONVERSION = YES;
				CLANG_WARN_OBJC_IMPLICIT_RETAIN_SELF = YES;
				CLANG_WARN_OBJC_LITERAL_CONVERSION = YES;
				CLANG_WARN_OBJC_ROOT_CLASS = YES_ERROR;
				CLANG_WARN_RANGE_LOOP_ANALYSIS = YES;
				CLANG_WARN_STRICT_PROTOTYPES = YES;
				CLANG_WARN_SUSPICIOUS_MOVE = YES;
				CLANG_WARN_UNGUARDED_AVAILABILITY = YES_AGGRESSIVE;
				CLANG_WARN_UNREACHABLE_CODE = YES;
				CLANG_WARN__DUPLICATE_METHOD_MATCH = YES;
				COPY_PHASE_STRIP = NO;
				DEBUG_INFORMATION_FORMAT = dwarf;
				ENABLE_STRICT_OBJC_MSGSEND = YES;
				ENABLE_TESTABILITY = YES;
				GCC_C_LANGUAGE_STANDARD = gnu11;
				GCC_DYNAMIC_NO_PIC = NO;
				GCC_NO_COMMON_BLOCKS = YES;
				GCC_OPTIMIZATION_LEVEL = 0;
				GCC_PREPROCESSOR_DEFINITIONS = (
					"DEBUG=1",
					"$(inherited)",
				);
				GCC_WARN_64_TO_32_BIT_CONVERSION = YES;
				GCC_WARN_ABOUT_RETURN_TYPE = YES_ERROR;
				GCC_WARN_UNDECLARED_SELECTOR = YES;
				GCC_WARN_UNINITIALIZED_AUTOS = YES_AGGRESSIVE;
				GCC_WARN_UNUSED_FUNCTION = YES;
				GCC_WARN_UNUSED_VARIABLE = YES;
				IPHONEOS_DEPLOYMENT_TARGET = 13.6;
				MTL_ENABLE_DEBUG_INFO = INCLUDE_SOURCE;
				MTL_FAST_MATH = YES;
				ONLY_ACTIVE_ARCH = YES;
				SDKROOT = iphoneos;
				SWIFT_ACTIVE_COMPILATION_CONDITIONS = DEBUG;
				SWIFT_OPTIMIZATION_LEVEL = "-Onone";
			};
			name = Debug;
		};
		7BD72C4E24F6A05D00030AC7 /* Release */ = {
			isa = XCBuildConfiguration;
			buildSettings = {
				ALWAYS_SEARCH_USER_PATHS = NO;
				CLANG_ANALYZER_NONNULL = YES;
				CLANG_ANALYZER_NUMBER_OBJECT_CONVERSION = YES_AGGRESSIVE;
				CLANG_CXX_LANGUAGE_STANDARD = "gnu++14";
				CLANG_CXX_LIBRARY = "libc++";
				CLANG_ENABLE_MODULES = YES;
				CLANG_ENABLE_OBJC_ARC = YES;
				CLANG_ENABLE_OBJC_WEAK = YES;
				CLANG_WARN_BLOCK_CAPTURE_AUTORELEASING = YES;
				CLANG_WARN_BOOL_CONVERSION = YES;
				CLANG_WARN_COMMA = YES;
				CLANG_WARN_CONSTANT_CONVERSION = YES;
				CLANG_WARN_DEPRECATED_OBJC_IMPLEMENTATIONS = YES;
				CLANG_WARN_DIRECT_OBJC_ISA_USAGE = YES_ERROR;
				CLANG_WARN_DOCUMENTATION_COMMENTS = YES;
				CLANG_WARN_EMPTY_BODY = YES;
				CLANG_WARN_ENUM_CONVERSION = YES;
				CLANG_WARN_INFINITE_RECURSION = YES;
				CLANG_WARN_INT_CONVERSION = YES;
				CLANG_WARN_NON_LITERAL_NULL_CONVERSION = YES;
				CLANG_WARN_OBJC_IMPLICIT_RETAIN_SELF = YES;
				CLANG_WARN_OBJC_LITERAL_CONVERSION = YES;
				CLANG_WARN_OBJC_ROOT_CLASS = YES_ERROR;
				CLANG_WARN_RANGE_LOOP_ANALYSIS = YES;
				CLANG_WARN_STRICT_PROTOTYPES = YES;
				CLANG_WARN_SUSPICIOUS_MOVE = YES;
				CLANG_WARN_UNGUARDED_AVAILABILITY = YES_AGGRESSIVE;
				CLANG_WARN_UNREACHABLE_CODE = YES;
				CLANG_WARN__DUPLICATE_METHOD_MATCH = YES;
				COPY_PHASE_STRIP = NO;
				DEBUG_INFORMATION_FORMAT = "dwarf-with-dsym";
				ENABLE_NS_ASSERTIONS = NO;
				ENABLE_STRICT_OBJC_MSGSEND = YES;
				GCC_C_LANGUAGE_STANDARD = gnu11;
				GCC_NO_COMMON_BLOCKS = YES;
				GCC_WARN_64_TO_32_BIT_CONVERSION = YES;
				GCC_WARN_ABOUT_RETURN_TYPE = YES_ERROR;
				GCC_WARN_UNDECLARED_SELECTOR = YES;
				GCC_WARN_UNINITIALIZED_AUTOS = YES_AGGRESSIVE;
				GCC_WARN_UNUSED_FUNCTION = YES;
				GCC_WARN_UNUSED_VARIABLE = YES;
				IPHONEOS_DEPLOYMENT_TARGET = 13.6;
				MTL_ENABLE_DEBUG_INFO = NO;
				MTL_FAST_MATH = YES;
				SDKROOT = iphoneos;
				SWIFT_COMPILATION_MODE = wholemodule;
				SWIFT_OPTIMIZATION_LEVEL = "-O";
				VALIDATE_PRODUCT = YES;
			};
			name = Release;
		};
		7BD72C5024F6A05D00030AC7 /* Debug */ = {
			isa = XCBuildConfiguration;
			buildSettings = {
				ASSETCATALOG_COMPILER_APPICON_NAME = AppIcon;
				CODE_SIGN_STYLE = Automatic;
				DEVELOPMENT_ASSET_PATHS = "\"sextant/Preview Content\"";
				DEVELOPMENT_TEAM = 54M57R2U99;
				ENABLE_PREVIEWS = YES;
				INFOPLIST_FILE = sextant/Info.plist;
				LD_RUNPATH_SEARCH_PATHS = (
					"$(inherited)",
					"@executable_path/Frameworks",
				);
				PRODUCT_BUNDLE_IDENTIFIER = com.akuadora.sextant.sextant;
				PRODUCT_NAME = "$(TARGET_NAME)";
				SWIFT_VERSION = 5.0;
				TARGETED_DEVICE_FAMILY = "1,2";
			};
			name = Debug;
		};
		7BD72C5124F6A05D00030AC7 /* Release */ = {
			isa = XCBuildConfiguration;
			buildSettings = {
				ASSETCATALOG_COMPILER_APPICON_NAME = AppIcon;
				CODE_SIGN_STYLE = Automatic;
				DEVELOPMENT_ASSET_PATHS = "\"sextant/Preview Content\"";
				DEVELOPMENT_TEAM = 54M57R2U99;
				ENABLE_PREVIEWS = YES;
				INFOPLIST_FILE = sextant/Info.plist;
				LD_RUNPATH_SEARCH_PATHS = (
					"$(inherited)",
					"@executable_path/Frameworks",
				);
				PRODUCT_BUNDLE_IDENTIFIER = com.akuadora.sextant.sextant;
				PRODUCT_NAME = "$(TARGET_NAME)";
				SWIFT_VERSION = 5.0;
				TARGETED_DEVICE_FAMILY = "1,2";
			};
			name = Release;
		};
		7BD72C5324F6A05D00030AC7 /* Debug */ = {
			isa = XCBuildConfiguration;
			buildSettings = {
				ALWAYS_EMBED_SWIFT_STANDARD_LIBRARIES = YES;
				BUNDLE_LOADER = "$(TEST_HOST)";
				CODE_SIGN_STYLE = Automatic;
				DEVELOPMENT_TEAM = 54M57R2U99;
				INFOPLIST_FILE = sextantTests/Info.plist;
				IPHONEOS_DEPLOYMENT_TARGET = 13.6;
				LD_RUNPATH_SEARCH_PATHS = (
					"$(inherited)",
					"@executable_path/Frameworks",
					"@loader_path/Frameworks",
				);
				PRODUCT_BUNDLE_IDENTIFIER = com.akuadora.sextant.sextantTests;
				PRODUCT_NAME = "$(TARGET_NAME)";
				SWIFT_VERSION = 5.0;
				TARGETED_DEVICE_FAMILY = "1,2";
				TEST_HOST = "$(BUILT_PRODUCTS_DIR)/sextant.app/sextant";
			};
			name = Debug;
		};
		7BD72C5424F6A05D00030AC7 /* Release */ = {
			isa = XCBuildConfiguration;
			buildSettings = {
				ALWAYS_EMBED_SWIFT_STANDARD_LIBRARIES = YES;
				BUNDLE_LOADER = "$(TEST_HOST)";
				CODE_SIGN_STYLE = Automatic;
				DEVELOPMENT_TEAM = 54M57R2U99;
				INFOPLIST_FILE = sextantTests/Info.plist;
				IPHONEOS_DEPLOYMENT_TARGET = 13.6;
				LD_RUNPATH_SEARCH_PATHS = (
					"$(inherited)",
					"@executable_path/Frameworks",
					"@loader_path/Frameworks",
				);
				PRODUCT_BUNDLE_IDENTIFIER = com.akuadora.sextant.sextantTests;
				PRODUCT_NAME = "$(TARGET_NAME)";
				SWIFT_VERSION = 5.0;
				TARGETED_DEVICE_FAMILY = "1,2";
				TEST_HOST = "$(BUILT_PRODUCTS_DIR)/sextant.app/sextant";
			};
			name = Release;
		};
		7BD72C5624F6A05D00030AC7 /* Debug */ = {
			isa = XCBuildConfiguration;
			buildSettings = {
				ALWAYS_EMBED_SWIFT_STANDARD_LIBRARIES = YES;
				CODE_SIGN_STYLE = Automatic;
				DEVELOPMENT_TEAM = 54M57R2U99;
				INFOPLIST_FILE = sextantUITests/Info.plist;
				LD_RUNPATH_SEARCH_PATHS = (
					"$(inherited)",
					"@executable_path/Frameworks",
					"@loader_path/Frameworks",
				);
				PRODUCT_BUNDLE_IDENTIFIER = com.akuadora.sextant.sextantUITests;
				PRODUCT_NAME = "$(TARGET_NAME)";
				SWIFT_VERSION = 5.0;
				TARGETED_DEVICE_FAMILY = "1,2";
				TEST_TARGET_NAME = sextant;
			};
			name = Debug;
		};
		7BD72C5724F6A05D00030AC7 /* Release */ = {
			isa = XCBuildConfiguration;
			buildSettings = {
				ALWAYS_EMBED_SWIFT_STANDARD_LIBRARIES = YES;
				CODE_SIGN_STYLE = Automatic;
				DEVELOPMENT_TEAM = 54M57R2U99;
				INFOPLIST_FILE = sextantUITests/Info.plist;
				LD_RUNPATH_SEARCH_PATHS = (
					"$(inherited)",
					"@executable_path/Frameworks",
					"@loader_path/Frameworks",
				);
				PRODUCT_BUNDLE_IDENTIFIER = com.akuadora.sextant.sextantUITests;
				PRODUCT_NAME = "$(TARGET_NAME)";
				SWIFT_VERSION = 5.0;
				TARGETED_DEVICE_FAMILY = "1,2";
				TEST_TARGET_NAME = sextant;
			};
			name = Release;
		};
/* End XCBuildConfiguration section */

/* Begin XCConfigurationList section */
		7BD72C2024F6A05C00030AC7 /* Build configuration list for PBXProject "sextant" */ = {
			isa = XCConfigurationList;
			buildConfigurations = (
				7BD72C4D24F6A05D00030AC7 /* Debug */,
				7BD72C4E24F6A05D00030AC7 /* Release */,
			);
			defaultConfigurationIsVisible = 0;
			defaultConfigurationName = Release;
		};
		7BD72C4F24F6A05D00030AC7 /* Build configuration list for PBXNativeTarget "sextant" */ = {
			isa = XCConfigurationList;
			buildConfigurations = (
				7BD72C5024F6A05D00030AC7 /* Debug */,
				7BD72C5124F6A05D00030AC7 /* Release */,
			);
			defaultConfigurationIsVisible = 0;
			defaultConfigurationName = Release;
		};
		7BD72C5224F6A05D00030AC7 /* Build configuration list for PBXNativeTarget "sextantTests" */ = {
			isa = XCConfigurationList;
			buildConfigurations = (
				7BD72C5324F6A05D00030AC7 /* Debug */,
				7BD72C5424F6A05D00030AC7 /* Release */,
			);
			defaultConfigurationIsVisible = 0;
			defaultConfigurationName = Release;
		};
		7BD72C5524F6A05D00030AC7 /* Build configuration list for PBXNativeTarget "sextantUITests" */ = {
			isa = XCConfigurationList;
			buildConfigurations = (
				7BD72C5624F6A05D00030AC7 /* Debug */,
				7BD72C5724F6A05D00030AC7 /* Release */,
			);
			defaultConfigurationIsVisible = 0;
			defaultConfigurationName = Release;
		};
/* End XCConfigurationList section */
	};
	rootObject = 7BD72C1D24F6A05C00030AC7 /* Project object */;
}
